
Microsoft Visual Studio Solution File, Format Version 12.00
# Visual Studio Version 17
VisualStudioVersion = 17.11.35327.3
MinimumVisualStudioVersion = 10.0.40219.1
Project("{FAE04EC0-301F-11D3-BF4B-00C04F79EFBC}") = "DE01", "BTKT\DE01.csproj", "{BA3DE52C-8BCB-4C41-AE8A-434B48A00517}"
EndProject
Global
	GlobalSection(SolutionConfigurationPlatforms) = preSolution
		Debug|Any CPU = Debug|Any CPU
		Release|Any CPU = Release|Any CPU
	EndGlobalSection
	GlobalSection(ProjectConfigurationPlatforms) = postSolution
		{BA3DE52C-8BCB-4C41-AE8A-434B48A00517}.Debug|Any CPU.ActiveCfg = Debug|Any CPU
		{BA3DE52C-8BCB-4C41-AE8A-434B48A00517}.Debug|Any CPU.Build.0 = Debug|Any CPU
		{BA3DE52C-8BCB-4C41-AE8A-434B48A00517}.Release|Any CPU.ActiveCfg = Release|Any CPU
		{BA3DE52C-8BCB-4C41-AE8A-434B48A00517}.Release|Any CPU.Build.0 = Release|Any CPU
	EndGlobalSection
	GlobalSection(SolutionProperties) = preSolution
		HideSolutionNode = FALSE
	EndGlobalSection
	GlobalSection(ExtensibilityGlobals) = postSolution
		SolutionGuid = {08A01E73-B486-4BED-96F4-5392E728930E}
	EndGlobalSection
EndGlobal
